
Microsoft Visual Studio Solution File, Format Version 12.00
# Visual Studio Version 17
VisualStudioVersion = 17.12.35521.163
MinimumVisualStudioVersion = 10.0.40219.1
Project("{FAE04EC0-301F-11D3-BF4B-00C04F79EFBC}") = "Dyxen", "Dyxen\Dyxen.csproj", "{AC2D2B70-4FEA-416A-8253-572A869D5142}"
EndProject
Project("{FAE04EC0-301F-11D3-BF4B-00C04F79EFBC}") = "ILGPUUtils", "..\Render\ILGPUUtils\ILGPUUtils.csproj", "{C2D09CD2-9D9F-4A36-A901-E006ABADFB97}"
EndProject
Project("{FAE04EC0-301F-11D3-BF4B-00C04F79EFBC}") = "RenderLibrary", "..\Render\RenderLibrary\RenderLibrary.csproj", "{5A9C5C3B-B125-42D2-A351-A8DC07DE1DA2}"
EndProject
Project("{FAE04EC0-301F-11D3-BF4B-00C04F79EFBC}") = "DrawingExtension", "..\Render\DrawingExtension\DrawingExtension.csproj", "{24D4CCE1-A8D9-44E4-A5CC-C28D2AB1440C}"
EndProject
Project("{FAE04EC0-301F-11D3-BF4B-00C04F79EFBC}") = "RenderCanvasExtension", "..\Render\RenderCanvasExtension\RenderCanvasExtension.csproj", "{B1E43143-69FC-4DE1-9375-C14925369333}"
EndProject
Project("{FAE04EC0-301F-11D3-BF4B-00C04F79EFBC}") = "WindowsFormsRender", "..\Render\WindowsFormsRender\WindowsFormsRender.csproj", "{48E3CC34-2585-4B15-8F18-73400455352E}"
EndProject
Project("{FAE04EC0-301F-11D3-BF4B-00C04F79EFBC}") = "SNESRender", "SNESRender\SNESRender.csproj", "{DD7FA71D-F935-45A5-A1E1-2CA946C0E273}"
EndProject
Project("{FAE04EC0-301F-11D3-BF4B-00C04F79EFBC}") = "DyxenCanvasControllers", "DyzenCanvasControllers\DyxenCanvasControllers.csproj", "{D47BDFE9-46F3-4676-91A8-739C015F1F5E}"
EndProject
Project("{FAE04EC0-301F-11D3-BF4B-00C04F79EFBC}") = "DyxenCanvasComponents", "DyxenCanvasComponents\DyxenCanvasComponents.csproj", "{7AA58753-5AD7-4CCE-B047-5A7E199A80A4}"
EndProject
Project("{FAE04EC0-301F-11D3-BF4B-00C04F79EFBC}") = "SNESControllers", "SNESControllers\SNESControllers.csproj", "{87AE7287-C98B-4394-A552-B996398384F5}"
EndProject
Project("{FAE04EC0-301F-11D3-BF4B-00C04F79EFBC}") = "SNESComponents", "SNESComponents\SNESComponents.csproj", "{6C19256E-C901-4A96-A048-A0468D0B2DAB}"
EndProject
Project("{FAE04EC0-301F-11D3-BF4B-00C04F79EFBC}") = "ResourceManager", "ResourceManager\ResourceManager.csproj", "{77FDDEE3-F7B7-42B5-A8D8-4DDBB33F59FF}"
EndProject
Global
	GlobalSection(SolutionConfigurationPlatforms) = preSolution
		Debug|Any CPU = Debug|Any CPU
		Release|Any CPU = Release|Any CPU
	EndGlobalSection
	GlobalSection(ProjectConfigurationPlatforms) = postSolution
		{AC2D2B70-4FEA-416A-8253-572A869D5142}.Debug|Any CPU.ActiveCfg = Debug|Any CPU
		{AC2D2B70-4FEA-416A-8253-572A869D5142}.Debug|Any CPU.Build.0 = Debug|Any CPU
		{AC2D2B70-4FEA-416A-8253-572A869D5142}.Release|Any CPU.ActiveCfg = Release|Any CPU
		{AC2D2B70-4FEA-416A-8253-572A869D5142}.Release|Any CPU.Build.0 = Release|Any CPU
		{C2D09CD2-9D9F-4A36-A901-E006ABADFB97}.Debug|Any CPU.ActiveCfg = Debug|Any CPU
		{C2D09CD2-9D9F-4A36-A901-E006ABADFB97}.Debug|Any CPU.Build.0 = Debug|Any CPU
		{C2D09CD2-9D9F-4A36-A901-E006ABADFB97}.Release|Any CPU.ActiveCfg = Release|Any CPU
		{C2D09CD2-9D9F-4A36-A901-E006ABADFB97}.Release|Any CPU.Build.0 = Release|Any CPU
		{5A9C5C3B-B125-42D2-A351-A8DC07DE1DA2}.Debug|Any CPU.ActiveCfg = Debug|Any CPU
		{5A9C5C3B-B125-42D2-A351-A8DC07DE1DA2}.Debug|Any CPU.Build.0 = Debug|Any CPU
		{5A9C5C3B-B125-42D2-A351-A8DC07DE1DA2}.Release|Any CPU.ActiveCfg = Release|Any CPU
		{5A9C5C3B-B125-42D2-A351-A8DC07DE1DA2}.Release|Any CPU.Build.0 = Release|Any CPU
		{24D4CCE1-A8D9-44E4-A5CC-C28D2AB1440C}.Debug|Any CPU.ActiveCfg = Debug|Any CPU
		{24D4CCE1-A8D9-44E4-A5CC-C28D2AB1440C}.Debug|Any CPU.Build.0 = Debug|Any CPU
		{24D4CCE1-A8D9-44E4-A5CC-C28D2AB1440C}.Release|Any CPU.ActiveCfg = Release|Any CPU
		{24D4CCE1-A8D9-44E4-A5CC-C28D2AB1440C}.Release|Any CPU.Build.0 = Release|Any CPU
		{B1E43143-69FC-4DE1-9375-C14925369333}.Debug|Any CPU.ActiveCfg = Debug|Any CPU
		{B1E43143-69FC-4DE1-9375-C14925369333}.Debug|Any CPU.Build.0 = Debug|Any CPU
		{B1E43143-69FC-4DE1-9375-C14925369333}.Release|Any CPU.ActiveCfg = Release|Any CPU
		{B1E43143-69FC-4DE1-9375-C14925369333}.Release|Any CPU.Build.0 = Release|Any CPU
		{48E3CC34-2585-4B15-8F18-73400455352E}.Debug|Any CPU.ActiveCfg = Debug|Any CPU
		{48E3CC34-2585-4B15-8F18-73400455352E}.Debug|Any CPU.Build.0 = Debug|Any CPU
		{48E3CC34-2585-4B15-8F18-73400455352E}.Release|Any CPU.ActiveCfg = Release|Any CPU
		{48E3CC34-2585-4B15-8F18-73400455352E}.Release|Any CPU.Build.0 = Release|Any CPU
		{DD7FA71D-F935-45A5-A1E1-2CA946C0E273}.Debug|Any CPU.ActiveCfg = Debug|Any CPU
		{DD7FA71D-F935-45A5-A1E1-2CA946C0E273}.Debug|Any CPU.Build.0 = Debug|Any CPU
		{DD7FA71D-F935-45A5-A1E1-2CA946C0E273}.Release|Any CPU.ActiveCfg = Release|Any CPU
		{DD7FA71D-F935-45A5-A1E1-2CA946C0E273}.Release|Any CPU.Build.0 = Release|Any CPU
		{D47BDFE9-46F3-4676-91A8-739C015F1F5E}.Debug|Any CPU.ActiveCfg = Debug|Any CPU
		{D47BDFE9-46F3-4676-91A8-739C015F1F5E}.Debug|Any CPU.Build.0 = Debug|Any CPU
		{D47BDFE9-46F3-4676-91A8-739C015F1F5E}.Release|Any CPU.ActiveCfg = Release|Any CPU
		{D47BDFE9-46F3-4676-91A8-739C015F1F5E}.Release|Any CPU.Build.0 = Release|Any CPU
		{7AA58753-5AD7-4CCE-B047-5A7E199A80A4}.Debug|Any CPU.ActiveCfg = Debug|Any CPU
		{7AA58753-5AD7-4CCE-B047-5A7E199A80A4}.Debug|Any CPU.Build.0 = Debug|Any CPU
		{7AA58753-5AD7-4CCE-B047-5A7E199A80A4}.Release|Any CPU.ActiveCfg = Release|Any CPU
		{7AA58753-5AD7-4CCE-B047-5A7E199A80A4}.Release|Any CPU.Build.0 = Release|Any CPU
		{87AE7287-C98B-4394-A552-B996398384F5}.Debug|Any CPU.ActiveCfg = Debug|Any CPU
		{87AE7287-C98B-4394-A552-B996398384F5}.Debug|Any CPU.Build.0 = Debug|Any CPU
		{87AE7287-C98B-4394-A552-B996398384F5}.Release|Any CPU.ActiveCfg = Release|Any CPU
		{87AE7287-C98B-4394-A552-B996398384F5}.Release|Any CPU.Build.0 = Release|Any CPU
		{6C19256E-C901-4A96-A048-A0468D0B2DAB}.Debug|Any CPU.ActiveCfg = Debug|Any CPU
		{6C19256E-C901-4A96-A048-A0468D0B2DAB}.Debug|Any CPU.Build.0 = Debug|Any CPU
		{6C19256E-C901-4A96-A048-A0468D0B2DAB}.Release|Any CPU.ActiveCfg = Release|Any CPU
		{6C19256E-C901-4A96-A048-A0468D0B2DAB}.Release|Any CPU.Build.0 = Release|Any CPU
		{77FDDEE3-F7B7-42B5-A8D8-4DDBB33F59FF}.Debug|Any CPU.ActiveCfg = Debug|Any CPU
		{77FDDEE3-F7B7-42B5-A8D8-4DDBB33F59FF}.Debug|Any CPU.Build.0 = Debug|Any CPU
		{77FDDEE3-F7B7-42B5-A8D8-4DDBB33F59FF}.Release|Any CPU.ActiveCfg = Release|Any CPU
		{77FDDEE3-F7B7-42B5-A8D8-4DDBB33F59FF}.Release|Any CPU.Build.0 = Release|Any CPU
	EndGlobalSection
	GlobalSection(SolutionProperties) = preSolution
		HideSolutionNode = FALSE
	EndGlobalSection
EndGlobal
